{
  "requires": true,
  "lockfileVersion": 1,
  "dependencies": {
    "react-router-auth": {
      "version": "1.0.1",
      "resolved": "https://registry.npmjs.org/react-router-auth/-/react-router-auth-1.0.1.tgz",
      "integrity": "sha512-BAerKFR/gTCSnux8E3t6JFOrX+2Q2gRaQN48R4wUD6eztue5H7VZdZJ266An5bZniU6ZtsIOHfornlrkTL47JQ=="
    }
  }
}
